// !$*UTF8*$!
{
	archiveVersion = 1;
	classes = {
	};
	objectVersion = 50;
	objects = {

/* Begin PBXBuildFile section */
		CDBBBA93233A5AFF00033870 /* AppDelegate.swift in Sources */ = {isa = PBXBuildFile; fileRef = CDBBBA92233A5AFF00033870 /* AppDelegate.swift */; };
		CDBBBA95233A5AFF00033870 /* SceneDelegate.swift in Sources */ = {isa = PBXBuildFile; fileRef = CDBBBA94233A5AFF00033870 /* SceneDelegate.swift */; };
		CDBBBA97233A5AFF00033870 /* ViewController.swift in Sources */ = {isa = PBXBuildFile; fileRef = CDBBBA96233A5AFF00033870 /* ViewController.swift */; };
		CDBBBA9A233A5AFF00033870 /* Main.storyboard in Resources */ = {isa = PBXBuildFile; fileRef = CDBBBA98233A5AFF00033870 /* Main.storyboard */; };
		CDBBBA9C233A5B0000033870 /* Assets.xcassets in Resources */ = {isa = PBXBuildFile; fileRef = CDBBBA9B233A5B0000033870 /* Assets.xcassets */; };
		CDBBBA9F233A5B0000033870 /* LaunchScreen.storyboard in Resources */ = {isa = PBXBuildFile; fileRef = CDBBBA9D233A5B0000033870 /* LaunchScreen.storyboard */; };
		CDBBBAA7233A5C8A00033870 /* BadgeLabel.swift in Sources */ = {isa = PBXBuildFile; fileRef = CDBBBAA6233A5C8A00033870 /* BadgeLabel.swift */; };
/* End PBXBuildFile section */

/* Begin PBXFileReference section */
		CDBBBA8F233A5AFF00033870 /* SimpleBadge.app */ = {isa = PBXFileReference; explicitFileType = wrapper.application; includeInIndex = 0; path = SimpleBadge.app; sourceTree = BUILT_PRODUCTS_DIR; };
		CDBBBA92233A5AFF00033870 /* AppDelegate.swift */ = {isa = PBXFileReference; lastKnownFileType = sourcecode.swift; path = AppDelegate.swift; sourceTree = "<group>"; };
		CDBBBA94233A5AFF00033870 /* SceneDelegate.swift */ = {isa = PBXFileReference; lastKnownFileType = sourcecode.swift; path = SceneDelegate.swift; sourceTree = "<group>"; };
		CDBBBA96233A5AFF00033870 /* ViewController.swift */ = {isa = PBXFileReference; lastKnownFileType = sourcecode.swift; path = ViewController.swift; sourceTree = "<group>"; };
		CDBBBA99233A5AFF00033870 /* Base */ = {isa = PBXFileReference; lastKnownFileType = file.storyboard; name = Base; path = Base.lproj/Main.storyboard; sourceTree = "<group>"; };
		CDBBBA9B233A5B0000033870 /* Assets.xcassets */ = {isa = PBXFileReference; lastKnownFileType = folder.assetcatalog; path = Assets.xcassets; sourceTree = "<group>"; };
		CDBBBA9E233A5B0000033870 /* Base */ = {isa = PBXFileReference; lastKnownFileType = file.storyboard; name = Base; path = Base.lproj/LaunchScreen.storyboard; sourceTree = "<group>"; };
		CDBBBAA0233A5B0000033870 /* Info.plist */ = {isa = PBXFileReference; lastKnownFileType = text.plist.xml; path = Info.plist; sourceTree = "<group>"; };
		CDBBBAA6233A5C8A00033870 /* BadgeLabel.swift */ = {isa = PBXFileReference; lastKnownFileType = sourcecode.swift; path = BadgeLabel.swift; sourceTree = "<group>"; };
/* End PBXFileReference section */

/* Begin PBXFrameworksBuildPhase section */
		CDBBBA8C233A5AFF00033870 /* Frameworks */ = {
			isa = PBXFrameworksBuildPhase;
			buildActionMask = 2147483647;
			files = (
			);
			runOnlyForDeploymentPostprocessing = 0;
		};
/* End PBXFrameworksBuildPhase section */

/* Begin PBXGroup section */
		CDBBBA86233A5AFF00033870 = {
			isa = PBXGroup;
			children = (
				CDBBBA91233A5AFF00033870 /* SimpleBadge */,
				CDBBBA90233A5AFF00033870 /* Products */,
			);
			sourceTree = "<group>";
		};
		CDBBBA90233A5AFF00033870 /* Products */ = {
			isa = PBXGroup;
			children = (
				CDBBBA8F233A5AFF00033870 /* SimpleBadge.app */,
			);
			name = Products;
			sourceTree = "<group>";
		};
		CDBBBA91233A5AFF00033870 /* SimpleBadge */ = {
			isa = PBXGroup;
			children = (
				CDBBBA92233A5AFF00033870 /* AppDelegate.swift */,
				CDBBBA94233A5AFF00033870 /* SceneDelegate.swift */,
				CDBBBA96233A5AFF00033870 /* ViewController.swift */,
				CDBBBA98233A5AFF00033870 /* Main.storyboard */,
				CDBBBA9B233A5B0000033870 /* Assets.xcassets */,
				CDBBBA9D233A5B0000033870 /* LaunchScreen.storyboard */,
				CDBBBAA0233A5B0000033870 /* Info.plist */,
				CDBBBAA6233A5C8A00033870 /* BadgeLabel.swift */,
			);
			path = SimpleBadge;
			sourceTree = "<group>";
		};
/* End PBXGroup section */

/* Begin PBXNativeTarget section */
		CDBBBA8E233A5AFF00033870 /* SimpleBadge */ = {
			isa = PBXNativeTarget;
			buildConfigurationList = CDBBBAA3233A5B0000033870 /* Build configuration list for PBXNativeTarget "SimpleBadge" */;
			buildPhases = (
				CDBBBA8B233A5AFF00033870 /* Sources */,
				CDBBBA8C233A5AFF00033870 /* Frameworks */,
				CDBBBA8D233A5AFF00033870 /* Resources */,
			);
			buildRules = (
			);
			dependencies = (
			);
			name = SimpleBadge;
			productName = SimpleBadge;
			productReference = CDBBBA8F233A5AFF00033870 /* SimpleBadge.app */;
			productType = "com.apple.product-type.application";
		};
/* End PBXNativeTarget section */

/* Begin PBXProject section */
		CDBBBA87233A5AFF00033870 /* Project object */ = {
			isa = PBXProject;
			attributes = {
				LastSwiftUpdateCheck = 1100;
				LastUpgradeCheck = 1100;
				ORGANIZATIONNAME = kittengine.com;
				TargetAttributes = {
					CDBBBA8E233A5AFF00033870 = {
						CreatedOnToolsVersion = 11.0;
					};
				};
			};
			buildConfigurationList = CDBBBA8A233A5AFF00033870 /* Build configuration list for PBXProject "SimpleBadge" */;
			compatibilityVersion = "Xcode 9.3";
			developmentRegion = en;
			hasScannedForEncodings = 0;
			knownRegions = (
				en,
				Base,
			);
			mainGroup = CDBBBA86233A5AFF00033870;
			productRefGroup = CDBBBA90233A5AFF00033870 /* Products */;
			projectDirPath = "";
			projectRoot = "";
			targets = (
				CDBBBA8E233A5AFF00033870 /* SimpleBadge */,
			);
		};
/* End PBXProject section */

/* Begin PBXResourcesBuildPhase section */
		CDBBBA8D233A5AFF00033870 /* Resources */ = {
			isa = PBXResourcesBuildPhase;
			buildActionMask = 2147483647;
			files = (
				CDBBBA9F233A5B0000033870 /* LaunchScreen.storyboard in Resources */,
				CDBBBA9C233A5B0000033870 /* Assets.xcassets in Resources */,
				CDBBBA9A233A5AFF00033870 /* Main.storyboard in Resources */,
			);
			runOnlyForDeploymentPostprocessing = 0;
		};
/* End PBXResourcesBuildPhase section */

/* Begin PBXSourcesBuildPhase section */
		CDBBBA8B233A5AFF00033870 /* Sources */ = {
			isa = PBXSourcesBuildPhase;
			buildActionMask = 2147483647;
			files = (
				CDBBBA97233A5AFF00033870 /* ViewController.swift in Sources */,
				CDBBBA93233A5AFF00033870 /* AppDelegate.swift in Sources */,
				CDBBBAA7233A5C8A00033870 /* BadgeLabel.swift in Sources */,
				CDBBBA95233A5AFF00033870 /* SceneDelegate.swift in Sources */,
			);
			runOnlyForDeploymentPostprocessing = 0;
		};
/* End PBXSourcesBuildPhase section */

/* Begin PBXVariantGroup section */
		CDBBBA98233A5AFF00033870 /* Main.storyboard */ = {
			isa = PBXVariantGroup;
			children = (
				CDBBBA99233A5AFF00033870 /* Base */,
			);
			name = Main.storyboard;
			sourceTree = "<group>";
		};
		CDBBBA9D233A5B0000033870 /* LaunchScreen.storyboard */ = {
			isa = PBXVariantGroup;
			children = (
				CDBBBA9E233A5B0000033870 /* Base */,
			);
			name = LaunchScreen.storyboard;
			sourceTree = "<group>";
		};
/* End PBXVariantGroup section */

/* Begin XCBuildConfiguration section */
		CDBBBAA1233A5B0000033870 /* Debug */ = {
			isa = XCBuildConfiguration;
			buildSettings = {
				ALWAYS_SEARCH_USER_PATHS = NO;
				CLANG_ANALYZER_NONNULL = YES;
				CLANG_ANALYZER_NUMBER_OBJECT_CONVERSION = YES_AGGRESSIVE;
				CLANG_CXX_LANGUAGE_STANDARD = "gnu++14";
				CLANG_CXX_LIBRARY = "libc++";
				CLANG_ENABLE_MODULES = YES;
				CLANG_ENABLE_OBJC_ARC = YES;
				CLANG_ENABLE_OBJC_WEAK = YES;
				CLANG_WARN_BLOCK_CAPTURE_AUTORELEASING = YES;
				CLANG_WARN_BOOL_CONVERSION = YES;
				CLANG_WARN_COMMA = YES;
				CLANG_WARN_CONSTANT_CONVERSION = YES;
				CLANG_WARN_DEPRECATED_OBJC_IMPLEMENTATIONS = YES;
				CLANG_WARN_DIRECT_OBJC_ISA_USAGE = YES_ERROR;
				CLANG_WARN_DOCUMENTATION_COMMENTS = YES;
				CLANG_WARN_EMPTY_BODY = YES;
				CLANG_WARN_ENUM_CONVERSION = YES;
				CLANG_WARN_INFINITE_RECURSION = YES;
				CLANG_WARN_INT_CONVERSION = YES;
				CLANG_WARN_NON_LITERAL_NULL_CONVERSION = YES;
				CLANG_WARN_OBJC_IMPLICIT_RETAIN_SELF = YES;
				CLANG_WARN_OBJC_LITERAL_CONVERSION = YES;
				CLANG_WARN_OBJC_ROOT_CLASS = YES_ERROR;
				CLANG_WARN_RANGE_LOOP_ANALYSIS = YES;
				CLANG_WARN_STRICT_PROTOTYPES = YES;
				CLANG_WARN_SUSPICIOUS_MOVE = YES;
				CLANG_WARN_UNGUARDED_AVAILABILITY = YES_AGGRESSIVE;
				CLANG_WARN_UNREACHABLE_CODE = YES;
				CLANG_WARN__DUPLICATE_METHOD_MATCH = YES;
				COPY_PHASE_STRIP = NO;
				DEBUG_INFORMATION_FORMAT = dwarf;
				ENABLE_STRICT_OBJC_MSGSEND = YES;
				ENABLE_TESTABILITY = YES;
				GCC_C_LANGUAGE_STANDARD = gnu11;
				GCC_DYNAMIC_NO_PIC = NO;
				GCC_NO_COMMON_BLOCKS = YES;
				GCC_OPTIMIZATION_LEVEL = 0;
				GCC_PREPROCESSOR_DEFINITIONS = (
					"DEBUG=1",
					"$(inherited)",
				);
				GCC_WARN_64_TO_32_BIT_CONVERSION = YES;
				GCC_WARN_ABOUT_RETURN_TYPE = YES_ERROR;
				GCC_WARN_UNDECLARED_SELECTOR = YES;
				GCC_WARN_UNINITIALIZED_AUTOS = YES_AGGRESSIVE;
				GCC_WARN_UNUSED_FUNCTION = YES;
				GCC_WARN_UNUSED_VARIABLE = YES;
				IPHONEOS_DEPLOYMENT_TARGET = 13.0;
				MTL_ENABLE_DEBUG_INFO = INCLUDE_SOURCE;
				MTL_FAST_MATH = YES;
				ONLY_ACTIVE_ARCH = YES;
				SDKROOT = iphoneos;
				SWIFT_ACTIVE_COMPILATION_CONDITIONS = DEBUG;
				SWIFT_OPTIMIZATION_LEVEL = "-Onone";
			};
			name = Debug;
		};
		CDBBBAA2233A5B0000033870 /* Release */ = {
			isa = XCBuildConfiguration;
			buildSettings = {
				ALWAYS_SEARCH_USER_PATHS = NO;
				CLANG_ANALYZER_NONNULL = YES;
				CLANG_ANALYZER_NUMBER_OBJECT_CONVERSION = YES_AGGRESSIVE;
				CLANG_CXX_LANGUAGE_STANDARD = "gnu++14";
				CLANG_CXX_LIBRARY = "libc++";
				CLANG_ENABLE_MODULES = YES;
				CLANG_ENABLE_OBJC_ARC = YES;
				CLANG_ENABLE_OBJC_WEAK = YES;
				CLANG_WARN_BLOCK_CAPTURE_AUTORELEASING = YES;
				CLANG_WARN_BOOL_CONVERSION = YES;
				CLANG_WARN_COMMA = YES;
				CLANG_WARN_CONSTANT_CONVERSION = YES;
				CLANG_WARN_DEPRECATED_OBJC_IMPLEMENTATIONS = YES;
				CLANG_WARN_DIRECT_OBJC_ISA_USAGE = YES_ERROR;
				CLANG_WARN_DOCUMENTATION_COMMENTS = YES;
				CLANG_WARN_EMPTY_BODY = YES;
				CLANG_WARN_ENUM_CONVERSION = YES;
				CLANG_WARN_INFINITE_RECURSION = YES;
				CLANG_WARN_INT_CONVERSION = YES;
				CLANG_WARN_NON_LITERAL_NULL_CONVERSION = YES;
				CLANG_WARN_OBJC_IMPLICIT_RETAIN_SELF = YES;
				CLANG_WARN_OBJC_LITERAL_CONVERSION = YES;
				CLANG_WARN_OBJC_ROOT_CLASS = YES_ERROR;
				CLANG_WARN_RANGE_LOOP_ANALYSIS = YES;
				CLANG_WARN_STRICT_PROTOTYPES = YES;
				CLANG_WARN_SUSPICIOUS_MOVE = YES;
				CLANG_WARN_UNGUARDED_AVAILABILITY = YES_AGGRESSIVE;
				CLANG_WARN_UNREACHABLE_CODE = YES;
				CLANG_WARN__DUPLICATE_METHOD_MATCH = YES;
				COPY_PHASE_STRIP = NO;
				DEBUG_INFORMATION_FORMAT = "dwarf-with-dsym";
				ENABLE_NS_ASSERTIONS = NO;
				ENABLE_STRICT_OBJC_MSGSEND = YES;
				GCC_C_LANGUAGE_STANDARD = gnu11;
				GCC_NO_COMMON_BLOCKS = YES;
				GCC_WARN_64_TO_32_BIT_CONVERSION = YES;
				GCC_WARN_ABOUT_RETURN_TYPE = YES_ERROR;
				GCC_WARN_UNDECLARED_SELECTOR = YES;
				GCC_WARN_UNINITIALIZED_AUTOS = YES_AGGRESSIVE;
				GCC_WARN_UNUSED_FUNCTION = YES;
				GCC_WARN_UNUSED_VARIABLE = YES;
				IPHONEOS_DEPLOYMENT_TARGET = 13.0;
				MTL_ENABLE_DEBUG_INFO = NO;
				MTL_FAST_MATH = YES;
				SDKROOT = iphoneos;
				SWIFT_COMPILATION_MODE = wholemodule;
				SWIFT_OPTIMIZATION_LEVEL = "-O";
				VALIDATE_PRODUCT = YES;
			};
			name = Release;
		};
		CDBBBAA4233A5B0000033870 /* Debug */ = {
			isa = XCBuildConfiguration;
			buildSettings = {
				ASSETCATALOG_COMPILER_APPICON_NAME = AppIcon;
				CODE_SIGN_STYLE = Automatic;
				DEVELOPMENT_TEAM = QGP94B3XD8;
				INFOPLIST_FILE = SimpleBadge/Info.plist;
				LD_RUNPATH_SEARCH_PATHS = (
					"$(inherited)",
					"@executable_path/Frameworks",
				);
				PRODUCT_BUNDLE_IDENTIFIER = com.kittengine.SimpleBadge;
				PRODUCT_NAME = "$(TARGET_NAME)";
				SWIFT_VERSION = 5.0;
				TARGETED_DEVICE_FAMILY = "1,2";
			};
			name = Debug;
		};
		CDBBBAA5233A5B0000033870 /* Release */ = {
			isa = XCBuildConfiguration;
			buildSettings = {
				ASSETCATALOG_COMPILER_APPICON_NAME = AppIcon;
				CODE_SIGN_STYLE = Automatic;
				DEVELOPMENT_TEAM = QGP94B3XD8;
				INFOPLIST_FILE = SimpleBadge/Info.plist;
				LD_RUNPATH_SEARCH_PATHS = (
					"$(inherited)",
					"@executable_path/Frameworks",
				);
				PRODUCT_BUNDLE_IDENTIFIER = com.kittengine.SimpleBadge;
				PRODUCT_NAME = "$(TARGET_NAME)";
				SWIFT_VERSION = 5.0;
				TARGETED_DEVICE_FAMILY = "1,2";
			};
			name = Release;
		};
/* End XCBuildConfiguration section */

/* Begin XCConfigurationList section */
		CDBBBA8A233A5AFF00033870 /* Build configuration list for PBXProject "SimpleBadge" */ = {
			isa = XCConfigurationList;
			buildConfigurations = (
				CDBBBAA1233A5B0000033870 /* Debug */,
				CDBBBAA2233A5B0000033870 /* Release */,
			);
			defaultConfigurationIsVisible = 0;
			defaultConfigurationName = Release;
		};
		CDBBBAA3233A5B0000033870 /* Build configuration list for PBXNativeTarget "SimpleBadge" */ = {
			isa = XCConfigurationList;
			buildConfigurations = (
				CDBBBAA4233A5B0000033870 /* Debug */,
				CDBBBAA5233A5B0000033870 /* Release */,
			);
			defaultConfigurationIsVisible = 0;
			defaultConfigurationName = Release;
		};
/* End XCConfigurationList section */
	};
	rootObject = CDBBBA87233A5AFF00033870 /* Project object */;
}
